// !$*UTF8*$!
{
	archiveVersion = 1;
	classes = {
	};
	objectVersion = 46;
	objects = {

/* Begin PBXBuildFile section */
		D01C02281B06973400B3FE44 /* AppDelegate.swift in Sources */ = {isa = PBXBuildFile; fileRef = D01C02271B06973400B3FE44 /* AppDelegate.swift */; };
		D01C022A1B06973400B3FE44 /* ViewController.swift in Sources */ = {isa = PBXBuildFile; fileRef = D01C02291B06973400B3FE44 /* ViewController.swift */; };
		D01C022D1B06973400B3FE44 /* Main.storyboard in Resources */ = {isa = PBXBuildFile; fileRef = D01C022B1B06973400B3FE44 /* Main.storyboard */; };
		D01C022F1B06973400B3FE44 /* Images.xcassets in Resources */ = {isa = PBXBuildFile; fileRef = D01C022E1B06973400B3FE44 /* Images.xcassets */; };
		D01C02321B06973400B3FE44 /* LaunchScreen.xib in Resources */ = {isa = PBXBuildFile; fileRef = D01C02301B06973400B3FE44 /* LaunchScreen.xib */; };
		D01C023E1B06973500B3FE44 /* Cat_YearsTests.swift in Sources */ = {isa = PBXBuildFile; fileRef = D01C023D1B06973500B3FE44 /* Cat_YearsTests.swift */; };
		D01C02481B06989D00B3FE44 /* cat1.jpg in Resources */ = {isa = PBXBuildFile; fileRef = D01C02471B06989D00B3FE44 /* cat1.jpg */; };
/* End PBXBuildFile section */

/* Begin PBXContainerItemProxy section */
		D01C02381B06973500B3FE44 /* PBXContainerItemProxy */ = {
			isa = PBXContainerItemProxy;
			containerPortal = D01C021A1B06973400B3FE44 /* Project object */;
			proxyType = 1;
			remoteGlobalIDString = D01C02211B06973400B3FE44;
			remoteInfo = "Cat Years";
		};
/* End PBXContainerItemProxy section */

/* Begin PBXFileReference section */
		D01C02221B06973400B3FE44 /* Cat Years.app */ = {isa = PBXFileReference; explicitFileType = wrapper.application; includeInIndex = 0; path = "Cat Years.app"; sourceTree = BUILT_PRODUCTS_DIR; };
		D01C02261B06973400B3FE44 /* Info.plist */ = {isa = PBXFileReference; lastKnownFileType = text.plist.xml; path = Info.plist; sourceTree = "<group>"; };
		D01C02271B06973400B3FE44 /* AppDelegate.swift */ = {isa = PBXFileReference; lastKnownFileType = sourcecode.swift; path = AppDelegate.swift; sourceTree = "<group>"; };
		D01C02291B06973400B3FE44 /* ViewController.swift */ = {isa = PBXFileReference; lastKnownFileType = sourcecode.swift; path = ViewController.swift; sourceTree = "<group>"; };
		D01C022C1B06973400B3FE44 /* Base */ = {isa = PBXFileReference; lastKnownFileType = file.storyboard; name = Base; path = Base.lproj/Main.storyboard; sourceTree = "<group>"; };
		D01C022E1B06973400B3FE44 /* Images.xcassets */ = {isa = PBXFileReference; lastKnownFileType = folder.assetcatalog; path = Images.xcassets; sourceTree = "<group>"; };
		D01C02311B06973400B3FE44 /* Base */ = {isa = PBXFileReference; lastKnownFileType = file.xib; name = Base; path = Base.lproj/LaunchScreen.xib; sourceTree = "<group>"; };
		D01C02371B06973500B3FE44 /* Cat YearsTests.xctest */ = {isa = PBXFileReference; explicitFileType = wrapper.cfbundle; includeInIndex = 0; path = "Cat YearsTests.xctest"; sourceTree = BUILT_PRODUCTS_DIR; };
		D01C023C1B06973500B3FE44 /* Info.plist */ = {isa = PBXFileReference; lastKnownFileType = text.plist.xml; path = Info.plist; sourceTree = "<group>"; };
		D01C023D1B06973500B3FE44 /* Cat_YearsTests.swift */ = {isa = PBXFileReference; lastKnownFileType = sourcecode.swift; path = Cat_YearsTests.swift; sourceTree = "<group>"; };
		D01C02471B06989D00B3FE44 /* cat1.jpg */ = {isa = PBXFileReference; lastKnownFileType = image.jpeg; path = cat1.jpg; sourceTree = "<group>"; };
/* End PBXFileReference section */

/* Begin PBXFrameworksBuildPhase section */
		D01C021F1B06973400B3FE44 /* Frameworks */ = {
			isa = PBXFrameworksBuildPhase;
			buildActionMask = 2147483647;
			files = (
			);
			runOnlyForDeploymentPostprocessing = 0;
		};
		D01C02341B06973500B3FE44 /* Frameworks */ = {
			isa = PBXFrameworksBuildPhase;
			buildActionMask = 2147483647;
			files = (
			);
			runOnlyForDeploymentPostprocessing = 0;
		};
/* End PBXFrameworksBuildPhase section */

/* Begin PBXGroup section */
		D01C02191B06973400B3FE44 = {
			isa = PBXGroup;
			children = (
				D01C02241B06973400B3FE44 /* Cat Years */,
				D01C023A1B06973500B3FE44 /* Cat YearsTests */,
				D01C02231B06973400B3FE44 /* Products */,
			);
			sourceTree = "<group>";
		};
		D01C02231B06973400B3FE44 /* Products */ = {
			isa = PBXGroup;
			children = (
				D01C02221B06973400B3FE44 /* Cat Years.app */,
				D01C02371B06973500B3FE44 /* Cat YearsTests.xctest */,
			);
			name = Products;
			sourceTree = "<group>";
		};
		D01C02241B06973400B3FE44 /* Cat Years */ = {
			isa = PBXGroup;
			children = (
				D01C02271B06973400B3FE44 /* AppDelegate.swift */,
				D01C02291B06973400B3FE44 /* ViewController.swift */,
				D01C022B1B06973400B3FE44 /* Main.storyboard */,
				D01C02471B06989D00B3FE44 /* cat1.jpg */,
				D01C022E1B06973400B3FE44 /* Images.xcassets */,
				D01C02301B06973400B3FE44 /* LaunchScreen.xib */,
				D01C02251B06973400B3FE44 /* Supporting Files */,
			);
			path = "Cat Years";
			sourceTree = "<group>";
		};
		D01C02251B06973400B3FE44 /* Supporting Files */ = {
			isa = PBXGroup;
			children = (
				D01C02261B06973400B3FE44 /* Info.plist */,
			);
			name = "Supporting Files";
			sourceTree = "<group>";
		};
		D01C023A1B06973500B3FE44 /* Cat YearsTests */ = {
			isa = PBXGroup;
			children = (
				D01C023D1B06973500B3FE44 /* Cat_YearsTests.swift */,
				D01C023B1B06973500B3FE44 /* Supporting Files */,
			);
			path = "Cat YearsTests";
			sourceTree = "<group>";
		};
		D01C023B1B06973500B3FE44 /* Supporting Files */ = {
			isa = PBXGroup;
			children = (
				D01C023C1B06973500B3FE44 /* Info.plist */,
			);
			name = "Supporting Files";
			sourceTree = "<group>";
		};
/* End PBXGroup section */

/* Begin PBXNativeTarget section */
		D01C02211B06973400B3FE44 /* Cat Years */ = {
			isa = PBXNativeTarget;
			buildConfigurationList = D01C02411B06973500B3FE44 /* Build configuration list for PBXNativeTarget "Cat Years" */;
			buildPhases = (
				D01C021E1B06973400B3FE44 /* Sources */,
				D01C021F1B06973400B3FE44 /* Frameworks */,
				D01C02201B06973400B3FE44 /* Resources */,
			);
			buildRules = (
			);
			dependencies = (
			);
			name = "Cat Years";
			productName = "Cat Years";
			productReference = D01C02221B06973400B3FE44 /* Cat Years.app */;
			productType = "com.apple.product-type.application";
		};
		D01C02361B06973500B3FE44 /* Cat YearsTests */ = {
			isa = PBXNativeTarget;
			buildConfigurationList = D01C02441B06973500B3FE44 /* Build configuration list for PBXNativeTarget "Cat YearsTests" */;
			buildPhases = (
				D01C02331B06973500B3FE44 /* Sources */,
				D01C02341B06973500B3FE44 /* Frameworks */,
				D01C02351B06973500B3FE44 /* Resources */,
			);
			buildRules = (
			);
			dependencies = (
				D01C02391B06973500B3FE44 /* PBXTargetDependency */,
			);
			name = "Cat YearsTests";
			productName = "Cat YearsTests";
			productReference = D01C02371B06973500B3FE44 /* Cat YearsTests.xctest */;
			productType = "com.apple.product-type.bundle.unit-test";
		};
/* End PBXNativeTarget section */

/* Begin PBXProject section */
		D01C021A1B06973400B3FE44 /* Project object */ = {
			isa = PBXProject;
			attributes = {
				LastUpgradeCheck = 0630;
				ORGANIZATIONNAME = JMVapps;
				TargetAttributes = {
					D01C02211B06973400B3FE44 = {
						CreatedOnToolsVersion = 6.3.1;
					};
					D01C02361B06973500B3FE44 = {
						CreatedOnToolsVersion = 6.3.1;
						TestTargetID = D01C02211B06973400B3FE44;
					};
				};
			};
			buildConfigurationList = D01C021D1B06973400B3FE44 /* Build configuration list for PBXProject "Cat Years" */;
			compatibilityVersion = "Xcode 3.2";
			developmentRegion = English;
			hasScannedForEncodings = 0;
			knownRegions = (
				en,
				Base,
			);
			mainGroup = D01C02191B06973400B3FE44;
			productRefGroup = D01C02231B06973400B3FE44 /* Products */;
			projectDirPath = "";
			projectRoot = "";
			targets = (
				D01C02211B06973400B3FE44 /* Cat Years */,
				D01C02361B06973500B3FE44 /* Cat YearsTests */,
			);
		};
/* End PBXProject section */

/* Begin PBXResourcesBuildPhase section */
		D01C02201B06973400B3FE44 /* Resources */ = {
			isa = PBXResourcesBuildPhase;
			buildActionMask = 2147483647;
			files = (
				D01C02481B06989D00B3FE44 /* cat1.jpg in Resources */,
				D01C022D1B06973400B3FE44 /* Main.storyboard in Resources */,
				D01C02321B06973400B3FE44 /* LaunchScreen.xib in Resources */,
				D01C022F1B06973400B3FE44 /* Images.xcassets in Resources */,
			);
			runOnlyForDeploymentPostprocessing = 0;
		};
		D01C02351B06973500B3FE44 /* Resources */ = {
			isa = PBXResourcesBuildPhase;
			buildActionMask = 2147483647;
			files = (
			);
			runOnlyForDeploymentPostprocessing = 0;
		};
/* End PBXResourcesBuildPhase section */

/* Begin PBXSourcesBuildPhase section */
		D01C021E1B06973400B3FE44 /* Sources */ = {
			isa = PBXSourcesBuildPhase;
			buildActionMask = 2147483647;
			files = (
				D01C022A1B06973400B3FE44 /* ViewController.swift in Sources */,
				D01C02281B06973400B3FE44 /* AppDelegate.swift in Sources */,
			);
			runOnlyForDeploymentPostprocessing = 0;
		};
		D01C02331B06973500B3FE44 /* Sources */ = {
			isa = PBXSourcesBuildPhase;
			buildActionMask = 2147483647;
			files = (
				D01C023E1B06973500B3FE44 /* Cat_YearsTests.swift in Sources */,
			);
			runOnlyForDeploymentPostprocessing = 0;
		};
/* End PBXSourcesBuildPhase section */

/* Begin PBXTargetDependency section */
		D01C02391B06973500B3FE44 /* PBXTargetDependency */ = {
			isa = PBXTargetDependency;
			target = D01C02211B06973400B3FE44 /* Cat Years */;
			targetProxy = D01C02381B06973500B3FE44 /* PBXContainerItemProxy */;
		};
/* End PBXTargetDependency section */

/* Begin PBXVariantGroup section */
		D01C022B1B06973400B3FE44 /* Main.storyboard */ = {
			isa = PBXVariantGroup;
			children = (
				D01C022C1B06973400B3FE44 /* Base */,
			);
			name = Main.storyboard;
			sourceTree = "<group>";
		};
		D01C02301B06973400B3FE44 /* LaunchScreen.xib */ = {
			isa = PBXVariantGroup;
			children = (
				D01C02311B06973400B3FE44 /* Base */,
			);
			name = LaunchScreen.xib;
			sourceTree = "<group>";
		};
/* End PBXVariantGroup section */

/* Begin XCBuildConfiguration section */
		D01C023F1B06973500B3FE44 /* Debug */ = {
			isa = XCBuildConfiguration;
			buildSettings = {
				ALWAYS_SEARCH_USER_PATHS = NO;
				CLANG_CXX_LANGUAGE_STANDARD = "gnu++0x";
				CLANG_CXX_LIBRARY = "libc++";
				CLANG_ENABLE_MODULES = YES;
				CLANG_ENABLE_OBJC_ARC = YES;
				CLANG_WARN_BOOL_CONVERSION = YES;
				CLANG_WARN_CONSTANT_CONVERSION = YES;
				CLANG_WARN_DIRECT_OBJC_ISA_USAGE = YES_ERROR;
				CLANG_WARN_EMPTY_BODY = YES;
				CLANG_WARN_ENUM_CONVERSION = YES;
				CLANG_WARN_INT_CONVERSION = YES;
				CLANG_WARN_OBJC_ROOT_CLASS = YES_ERROR;
				CLANG_WARN_UNREACHABLE_CODE = YES;
				CLANG_WARN__DUPLICATE_METHOD_MATCH = YES;
				"CODE_SIGN_IDENTITY[sdk=iphoneos*]" = "iPhone Developer";
				COPY_PHASE_STRIP = NO;
				DEBUG_INFORMATION_FORMAT = "dwarf-with-dsym";
				ENABLE_STRICT_OBJC_MSGSEND = YES;
				GCC_C_LANGUAGE_STANDARD = gnu99;
				GCC_DYNAMIC_NO_PIC = NO;
				GCC_NO_COMMON_BLOCKS = YES;
				GCC_OPTIMIZATION_LEVEL = 0;
				GCC_PREPROCESSOR_DEFINITIONS = (
					"DEBUG=1",
					"$(inherited)",
				);
				GCC_SYMBOLS_PRIVATE_EXTERN = NO;
				GCC_WARN_64_TO_32_BIT_CONVERSION = YES;
				GCC_WARN_ABOUT_RETURN_TYPE = YES_ERROR;
				GCC_WARN_UNDECLARED_SELECTOR = YES;
				GCC_WARN_UNINITIALIZED_AUTOS = YES_AGGRESSIVE;
				GCC_WARN_UNUSED_FUNCTION = YES;
				GCC_WARN_UNUSED_VARIABLE = YES;
				IPHONEOS_DEPLOYMENT_TARGET = 8.3;
				MTL_ENABLE_DEBUG_INFO = YES;
				ONLY_ACTIVE_ARCH = YES;
				SDKROOT = iphoneos;
				SWIFT_OPTIMIZATION_LEVEL = "-Onone";
			};
			name = Debug;
		};
		D01C02401B06973500B3FE44 /* Release */ = {
			isa = XCBuildConfiguration;
			buildSettings = {
				ALWAYS_SEARCH_USER_PATHS = NO;
				CLANG_CXX_LANGUAGE_STANDARD = "gnu++0x";
				CLANG_CXX_LIBRARY = "libc++";
				CLANG_ENABLE_MODULES = YES;
				CLANG_ENABLE_OBJC_ARC = YES;
				CLANG_WARN_BOOL_CONVERSION = YES;
				CLANG_WARN_CONSTANT_CONVERSION = YES;
				CLANG_WARN_DIRECT_OBJC_ISA_USAGE = YES_ERROR;
				CLANG_WARN_EMPTY_BODY = YES;
				CLANG_WARN_ENUM_CONVERSION = YES;
				CLANG_WARN_INT_CONVERSION = YES;
				CLANG_WARN_OBJC_ROOT_CLASS = YES_ERROR;
				CLANG_WARN_UNREACHABLE_CODE = YES;
				CLANG_WARN__DUPLICATE_METHOD_MATCH = YES;
				"CODE_SIGN_IDENTITY[sdk=iphoneos*]" = "iPhone Developer";
				COPY_PHASE_STRIP = NO;
				DEBUG_INFORMATION_FORMAT = "dwarf-with-dsym";
				ENABLE_NS_ASSERTIONS = NO;
				ENABLE_STRICT_OBJC_MSGSEND = YES;
				GCC_C_LANGUAGE_STANDARD = gnu99;
				GCC_NO_COMMON_BLOCKS = YES;
				GCC_WARN_64_TO_32_BIT_CONVERSION = YES;
				GCC_WARN_ABOUT_RETURN_TYPE = YES_ERROR;
				GCC_WARN_UNDECLARED_SELECTOR = YES;
				GCC_WARN_UNINITIALIZED_AUTOS = YES_AGGRESSIVE;
				GCC_WARN_UNUSED_FUNCTION = YES;
				GCC_WARN_UNUSED_VARIABLE = YES;
				IPHONEOS_DEPLOYMENT_TARGET = 8.3;
				MTL_ENABLE_DEBUG_INFO = NO;
				SDKROOT = iphoneos;
				VALIDATE_PRODUCT = YES;
			};
			name = Release;
		};
		D01C02421B06973500B3FE44 /* Debug */ = {
			isa = XCBuildConfiguration;
			buildSettings = {
				ASSETCATALOG_COMPILER_APPICON_NAME = AppIcon;
				INFOPLIST_FILE = "Cat Years/Info.plist";
				LD_RUNPATH_SEARCH_PATHS = "$(inherited) @executable_path/Frameworks";
				PRODUCT_NAME = "$(TARGET_NAME)";
			};
			name = Debug;
		};
		D01C02431B06973500B3FE44 /* Release */ = {
			isa = XCBuildConfiguration;
			buildSettings = {
				ASSETCATALOG_COMPILER_APPICON_NAME = AppIcon;
				INFOPLIST_FILE = "Cat Years/Info.plist";
				LD_RUNPATH_SEARCH_PATHS = "$(inherited) @executable_path/Frameworks";
				PRODUCT_NAME = "$(TARGET_NAME)";
			};
			name = Release;
		};
		D01C02451B06973500B3FE44 /* Debug */ = {
			isa = XCBuildConfiguration;
			buildSettings = {
				BUNDLE_LOADER = "$(TEST_HOST)";
				FRAMEWORK_SEARCH_PATHS = (
					"$(SDKROOT)/Developer/Library/Frameworks",
					"$(inherited)",
				);
				GCC_PREPROCESSOR_DEFINITIONS = (
					"DEBUG=1",
					"$(inherited)",
				);
				INFOPLIST_FILE = "Cat YearsTests/Info.plist";
				LD_RUNPATH_SEARCH_PATHS = "$(inherited) @executable_path/Frameworks @loader_path/Frameworks";
				PRODUCT_NAME = "$(TARGET_NAME)";
				TEST_HOST = "$(BUILT_PRODUCTS_DIR)/Cat Years.app/Cat Years";
			};
			name = Debug;
		};
		D01C02461B06973500B3FE44 /* Release */ = {
			isa = XCBuildConfiguration;
			buildSettings = {
				BUNDLE_LOADER = "$(TEST_HOST)";
				FRAMEWORK_SEARCH_PATHS = (
					"$(SDKROOT)/Developer/Library/Frameworks",
					"$(inherited)",
				);
				INFOPLIST_FILE = "Cat YearsTests/Info.plist";
				LD_RUNPATH_SEARCH_PATHS = "$(inherited) @executable_path/Frameworks @loader_path/Frameworks";
				PRODUCT_NAME = "$(TARGET_NAME)";
				TEST_HOST = "$(BUILT_PRODUCTS_DIR)/Cat Years.app/Cat Years";
			};
			name = Release;
		};
/* End XCBuildConfiguration section */

/* Begin XCConfigurationList section */
		D01C021D1B06973400B3FE44 /* Build configuration list for PBXProject "Cat Years" */ = {
			isa = XCConfigurationList;
			buildConfigurations = (
				D01C023F1B06973500B3FE44 /* Debug */,
				D01C02401B06973500B3FE44 /* Release */,
			);
			defaultConfigurationIsVisible = 0;
			defaultConfigurationName = Release;
		};
		D01C02411B06973500B3FE44 /* Build configuration list for PBXNativeTarget "Cat Years" */ = {
			isa = XCConfigurationList;
			buildConfigurations = (
				D01C02421B06973500B3FE44 /* Debug */,
				D01C02431B06973500B3FE44 /* Release */,
			);
			defaultConfigurationIsVisible = 0;
		};
		D01C02441B06973500B3FE44 /* Build configuration list for PBXNativeTarget "Cat YearsTests" */ = {
			isa = XCConfigurationList;
			buildConfigurations = (
				D01C02451B06973500B3FE44 /* Debug */,
				D01C02461B06973500B3FE44 /* Release */,
			);
			defaultConfigurationIsVisible = 0;
		};
/* End XCConfigurationList section */
	};
	rootObject = D01C021A1B06973400B3FE44 /* Project object */;
}
